
Microsoft Visual Studio Solution File, Format Version 12.00
# Visual Studio Version 17
VisualStudioVersion = 17.4.33213.308
MinimumVisualStudioVersion = 10.0.40219.1
Project("{FAE04EC0-301F-11D3-BF4B-00C04F79EFBC}") = "mazeGame", "mazeGame.csproj", "{AE30704D-67A4-4A76-B064-39B1820ED953}"
EndProject
Global
	GlobalSection(SolutionConfigurationPlatforms) = preSolution
		Debug|Any CPU = Debug|Any CPU
		Release|Any CPU = Release|Any CPU
	EndGlobalSection
	GlobalSection(ProjectConfigurationPlatforms) = postSolution
		{AE30704D-67A4-4A76-B064-39B1820ED953}.Debug|Any CPU.ActiveCfg = Debug|Any CPU
		{AE30704D-67A4-4A76-B064-39B1820ED953}.Debug|Any CPU.Build.0 = Debug|Any CPU
		{AE30704D-67A4-4A76-B064-39B1820ED953}.Release|Any CPU.ActiveCfg = Release|Any CPU
		{AE30704D-67A4-4A76-B064-39B1820ED953}.Release|Any CPU.Build.0 = Release|Any CPU
	EndGlobalSection
	GlobalSection(SolutionProperties) = preSolution
		HideSolutionNode = FALSE
	EndGlobalSection
	GlobalSection(ExtensibilityGlobals) = postSolution
		SolutionGuid = {17BB0B5F-3ACE-456C-B1F4-763E397047D2}
	EndGlobalSection
EndGlobal
